
Microsoft Visual Studio Solution File, Format Version 12.00
# Visual Studio 15
VisualStudioVersion = 15.0.28010.2046
MinimumVisualStudioVersion = 10.0.40219.1
Project("{9A19103F-16F7-4668-BE54-9A1E7A4F7556}") = "StockAPI", "StockAPI\StockAPI.csproj", "{E153B792-89A1-4ED3-84EF-5D66554115E1}"
EndProject
Global
	GlobalSection(SolutionConfigurationPlatforms) = preSolution
		Debug|Any CPU = Debug|Any CPU
		Release|Any CPU = Release|Any CPU
	EndGlobalSection
	GlobalSection(ProjectConfigurationPlatforms) = postSolution
		{E153B792-89A1-4ED3-84EF-5D66554115E1}.Debug|Any CPU.ActiveCfg = Debug|Any CPU
		{E153B792-89A1-4ED3-84EF-5D66554115E1}.Debug|Any CPU.Build.0 = Debug|Any CPU
		{E153B792-89A1-4ED3-84EF-5D66554115E1}.Release|Any CPU.ActiveCfg = Release|Any CPU
		{E153B792-89A1-4ED3-84EF-5D66554115E1}.Release|Any CPU.Build.0 = Release|Any CPU
	EndGlobalSection
	GlobalSection(SolutionProperties) = preSolution
		HideSolutionNode = FALSE
	EndGlobalSection
	GlobalSection(ExtensibilityGlobals) = postSolution
		SolutionGuid = {EB7B5F30-6ABB-41B3-ACCD-A3C0F75FC84A}
	EndGlobalSection
EndGlobal
